
Microsoft Visual Studio Solution File, Format Version 12.00
# Visual Studio Version 17
VisualStudioVersion = 17.14.36429.23 d17.14
MinimumVisualStudioVersion = 10.0.40219.1
Project("{FAE04EC0-301F-11D3-BF4B-00C04F79EFBC}") = "19.27", "19.27\19.27.csproj", "{7D68BA1C-9FB0-42B8-998D-6C2DC9A82409}"
EndProject
Global
	GlobalSection(SolutionConfigurationPlatforms) = preSolution
		Debug|Any CPU = Debug|Any CPU
		Release|Any CPU = Release|Any CPU
	EndGlobalSection
	GlobalSection(ProjectConfigurationPlatforms) = postSolution
		{7D68BA1C-9FB0-42B8-998D-6C2DC9A82409}.Debug|Any CPU.ActiveCfg = Debug|Any CPU
		{7D68BA1C-9FB0-42B8-998D-6C2DC9A82409}.Debug|Any CPU.Build.0 = Debug|Any CPU
		{7D68BA1C-9FB0-42B8-998D-6C2DC9A82409}.Release|Any CPU.ActiveCfg = Release|Any CPU
		{7D68BA1C-9FB0-42B8-998D-6C2DC9A82409}.Release|Any CPU.Build.0 = Release|Any CPU
	EndGlobalSection
	GlobalSection(SolutionProperties) = preSolution
		HideSolutionNode = FALSE
	EndGlobalSection
	GlobalSection(ExtensibilityGlobals) = postSolution
		SolutionGuid = {5E29AF31-2CE1-4348-A2B1-68A444C586B5}
	EndGlobalSection
EndGlobal
